
Microsoft Visual Studio Solution File, Format Version 12.00
# Visual Studio 14
VisualStudioVersion = 14.0.25123.0
MinimumVisualStudioVersion = 10.0.40219.1
Project("{FAE04EC0-301F-11D3-BF4B-00C04F79EFBC}") = "ProgrammerTest", "ProgrammerTest\ProgrammerTest.csproj", "{5C54BF3D-3CD0-42AE-A09C-C1DBE00BCC6B}"
EndProject
Project("{FAE04EC0-301F-11D3-BF4B-00C04F79EFBC}") = "ProgrammerTest.UnitTest", "ProgrammerTest.UnitTest\ProgrammerTest.UnitTest.csproj", "{16BBFCD0-5F89-4814-9543-236E67A014A7}"
EndProject
Global
	GlobalSection(SolutionConfigurationPlatforms) = preSolution
		Debug|Any CPU = Debug|Any CPU
		Release|Any CPU = Release|Any CPU
	EndGlobalSection
	GlobalSection(ProjectConfigurationPlatforms) = postSolution
		{5C54BF3D-3CD0-42AE-A09C-C1DBE00BCC6B}.Debug|Any CPU.ActiveCfg = Debug|Any CPU
		{5C54BF3D-3CD0-42AE-A09C-C1DBE00BCC6B}.Debug|Any CPU.Build.0 = Debug|Any CPU
		{5C54BF3D-3CD0-42AE-A09C-C1DBE00BCC6B}.Release|Any CPU.ActiveCfg = Release|Any CPU
		{5C54BF3D-3CD0-42AE-A09C-C1DBE00BCC6B}.Release|Any CPU.Build.0 = Release|Any CPU
		{16BBFCD0-5F89-4814-9543-236E67A014A7}.Debug|Any CPU.ActiveCfg = Debug|Any CPU
		{16BBFCD0-5F89-4814-9543-236E67A014A7}.Debug|Any CPU.Build.0 = Debug|Any CPU
		{16BBFCD0-5F89-4814-9543-236E67A014A7}.Release|Any CPU.ActiveCfg = Release|Any CPU
		{16BBFCD0-5F89-4814-9543-236E67A014A7}.Release|Any CPU.Build.0 = Release|Any CPU
	EndGlobalSection
	GlobalSection(SolutionProperties) = preSolution
		HideSolutionNode = FALSE
	EndGlobalSection
EndGlobal
